
Microsoft Visual Studio Solution File, Format Version 12.00
# Visual Studio Version 17
VisualStudioVersion = 17.11.35208.52
MinimumVisualStudioVersion = 10.0.40219.1
Project("{9A19103F-16F7-4668-BE54-9A1E7A4F7556}") = "Cyclone.LicenseManagement.Server", "Cyclone.LicenseManagement.Server\Cyclone.LicenseManagement.Server.csproj", "{57FFFAEB-7B9F-4B70-99C0-49FCBDDEAE10}"
EndProject
Project("{9A19103F-16F7-4668-BE54-9A1E7A4F7556}") = "Cyclone.LicenseManagement.Client", "Cyclone.LicenseManagement.Client\Cyclone.LicenseManagement.Client.csproj", "{CFC01BF9-9A05-4F23-A293-DE57813208E3}"
EndProject
Global
	GlobalSection(SolutionConfigurationPlatforms) = preSolution
		Debug|Any CPU = Debug|Any CPU
		Release|Any CPU = Release|Any CPU
	EndGlobalSection
	GlobalSection(ProjectConfigurationPlatforms) = postSolution
		{57FFFAEB-7B9F-4B70-99C0-49FCBDDEAE10}.Debug|Any CPU.ActiveCfg = Debug|Any CPU
		{57FFFAEB-7B9F-4B70-99C0-49FCBDDEAE10}.Debug|Any CPU.Build.0 = Debug|Any CPU
		{57FFFAEB-7B9F-4B70-99C0-49FCBDDEAE10}.Release|Any CPU.ActiveCfg = Release|Any CPU
		{57FFFAEB-7B9F-4B70-99C0-49FCBDDEAE10}.Release|Any CPU.Build.0 = Release|Any CPU
		{CFC01BF9-9A05-4F23-A293-DE57813208E3}.Debug|Any CPU.ActiveCfg = Debug|Any CPU
		{CFC01BF9-9A05-4F23-A293-DE57813208E3}.Debug|Any CPU.Build.0 = Debug|Any CPU
		{CFC01BF9-9A05-4F23-A293-DE57813208E3}.Release|Any CPU.ActiveCfg = Release|Any CPU
		{CFC01BF9-9A05-4F23-A293-DE57813208E3}.Release|Any CPU.Build.0 = Release|Any CPU
	EndGlobalSection
	GlobalSection(SolutionProperties) = preSolution
		HideSolutionNode = FALSE
	EndGlobalSection
	GlobalSection(ExtensibilityGlobals) = postSolution
		SolutionGuid = {AC8FA3B0-83F0-44D3-B0F8-717943CEED7B}
	EndGlobalSection
EndGlobal
